// !$*UTF8*$!
{
	archiveVersion = 1;
	classes = {
	};
	objectVersion = 77;
	objects = {

/* Begin PBXBuildFile section */
		10511A3B2127A1939FE21350 /* CameraCapture.swift in Sources */ = {isa = PBXBuildFile; fileRef = 52848715AFDCD313A4D0BAD8 /* CameraCapture.swift */; };
		1114626F02E975BC8D0D0303 /* MovieWriter.swift in Sources */ = {isa = PBXBuildFile; fileRef = 0EBD79A56ADF9811AB1E764A /* MovieWriter.swift */; };
		1C002B4707B866D62BBFF7CC /* MovieWriterTests.swift in Sources */ = {isa = PBXBuildFile; fileRef = 8790E4551080A738D9B2F64A /* MovieWriterTests.swift */; };
		33803460D1143D1C422403AF /* RecordingStateTests.swift in Sources */ = {isa = PBXBuildFile; fileRef = 36734981EBE808709590D290 /* RecordingStateTests.swift */; };
		50BF97F80A4E4CB372415F26 /* ScreenCapture.swift in Sources */ = {isa = PBXBuildFile; fileRef = 14455FC1E15E8E690835FF9F /* ScreenCapture.swift */; };
		66EC0BDB7F971D20F94113E5 /* AppDelegate.swift in Sources */ = {isa = PBXBuildFile; fileRef = 44F403ACF49EB4B24D275634 /* AppDelegate.swift */; };
		6B5423AE41EB60181207921E /* LumiaApp.swift in Sources */ = {isa = PBXBuildFile; fileRef = 4739959AB9A77E1AC538CBF8 /* LumiaApp.swift */; };
		719A180798B97E187A2E137F /* FrameCompositor.swift in Sources */ = {isa = PBXBuildFile; fileRef = 03C085E0435F350EB0C3B18C /* FrameCompositor.swift */; };
		8B829F2634BB05F6D8654E09 /* ControlBarWindowController.swift in Sources */ = {isa = PBXBuildFile; fileRef = 0C46B73173E7D5089469C380 /* ControlBarWindowController.swift */; };
		8FD1A36A5D20E43B995EC978 /* PermissionsChecker.swift in Sources */ = {isa = PBXBuildFile; fileRef = AB59C3B514D8BD76BDB1886E /* PermissionsChecker.swift */; };
		94A73C17F23D3A48EA3DD5D7 /* FrameCompositorTests.swift in Sources */ = {isa = PBXBuildFile; fileRef = BA9BEC49145FB2E2D9765C9B /* FrameCompositorTests.swift */; };
		AF23DFB9DE625555022EC5D8 /* LumiaTests.swift in Sources */ = {isa = PBXBuildFile; fileRef = 88E1D034D82E7A434B1DEDCB /* LumiaTests.swift */; };
		B45BEAF777E33EFC82D5C8F5 /* CameraCaptureTests.swift in Sources */ = {isa = PBXBuildFile; fileRef = 5DF8127C5A9A4303C6640822 /* CameraCaptureTests.swift */; };
		B56182DE727724380820A04F /* Assets.xcassets in Resources */ = {isa = PBXBuildFile; fileRef = 4629AFE01562C8ED74BC4936 /* Assets.xcassets */; };
		C4B043F27C3FCB90AB198F9F /* WebcamPreviewWindowController.swift in Sources */ = {isa = PBXBuildFile; fileRef = 54386D77455B7CEC67824107 /* WebcamPreviewWindowController.swift */; };
		C61A9D211C7B4AC73EECB6C3 /* ControlBarView.swift in Sources */ = {isa = PBXBuildFile; fileRef = 20D5D73192D085809F2EC97D /* ControlBarView.swift */; };
		D27E07D9FB0EB6E0DD318562 /* RecordingState.swift in Sources */ = {isa = PBXBuildFile; fileRef = 3D2BFDF1008EFEDC8DD70779 /* RecordingState.swift */; };
		F1BBAD5F6F8C884E35FF7DC8 /* RecordingController.swift in Sources */ = {isa = PBXBuildFile; fileRef = 6119FFC6C45C39ED4DB07421 /* RecordingController.swift */; };
/* End PBXBuildFile section */

/* Begin PBXContainerItemProxy section */
		573E433AA7D3BFE0BDAA8815 /* PBXContainerItemProxy */ = {
			isa = PBXContainerItemProxy;
			containerPortal = 2BCE8485E228B83EC8FF5E29 /* Project object */;
			proxyType = 1;
			remoteGlobalIDString = 4EA0932D9BB9793B9D7E04AA;
			remoteInfo = Lumia;
		};
/* End PBXContainerItemProxy section */

/* Begin PBXFileReference section */
		03C085E0435F350EB0C3B18C /* FrameCompositor.swift */ = {isa = PBXFileReference; lastKnownFileType = sourcecode.swift; path = FrameCompositor.swift; sourceTree = "<group>"; };
		0C46B73173E7D5089469C380 /* ControlBarWindowController.swift */ = {isa = PBXFileReference; lastKnownFileType = sourcecode.swift; path = ControlBarWindowController.swift; sourceTree = "<group>"; };
		0EBD79A56ADF9811AB1E764A /* MovieWriter.swift */ = {isa = PBXFileReference; lastKnownFileType = sourcecode.swift; path = MovieWriter.swift; sourceTree = "<group>"; };
		14455FC1E15E8E690835FF9F /* ScreenCapture.swift */ = {isa = PBXFileReference; lastKnownFileType = sourcecode.swift; path = ScreenCapture.swift; sourceTree = "<group>"; };
		20D5D73192D085809F2EC97D /* ControlBarView.swift */ = {isa = PBXFileReference; lastKnownFileType = sourcecode.swift; path = ControlBarView.swift; sourceTree = "<group>"; };
		36734981EBE808709590D290 /* RecordingStateTests.swift */ = {isa = PBXFileReference; lastKnownFileType = sourcecode.swift; path = RecordingStateTests.swift; sourceTree = "<group>"; };
		3D2BFDF1008EFEDC8DD70779 /* RecordingState.swift */ = {isa = PBXFileReference; lastKnownFileType = sourcecode.swift; path = RecordingState.swift; sourceTree = "<group>"; };
		42CD4B7697B0A3B5171DE4E7 /* Lumia.app */ = {isa = PBXFileReference; explicitFileType = wrapper.application; includeInIndex = 0; path = Lumia.app; sourceTree = BUILT_PRODUCTS_DIR; };
		44F403ACF49EB4B24D275634 /* AppDelegate.swift */ = {isa = PBXFileReference; lastKnownFileType = sourcecode.swift; path = AppDelegate.swift; sourceTree = "<group>"; };
		4629AFE01562C8ED74BC4936 /* Assets.xcassets */ = {isa = PBXFileReference; lastKnownFileType = folder.assetcatalog; path = Assets.xcassets; sourceTree = "<group>"; };
		4739959AB9A77E1AC538CBF8 /* LumiaApp.swift */ = {isa = PBXFileReference; lastKnownFileType = sourcecode.swift; path = LumiaApp.swift; sourceTree = "<group>"; };
		52848715AFDCD313A4D0BAD8 /* CameraCapture.swift */ = {isa = PBXFileReference; lastKnownFileType = sourcecode.swift; path = CameraCapture.swift; sourceTree = "<group>"; };
		54386D77455B7CEC67824107 /* WebcamPreviewWindowController.swift */ = {isa = PBXFileReference; lastKnownFileType = sourcecode.swift; path = WebcamPreviewWindowController.swift; sourceTree = "<group>"; };
		5DF8127C5A9A4303C6640822 /* CameraCaptureTests.swift */ = {isa = PBXFileReference; lastKnownFileType = sourcecode.swift; path = CameraCaptureTests.swift; sourceTree = "<group>"; };
		6119FFC6C45C39ED4DB07421 /* RecordingController.swift */ = {isa = PBXFileReference; lastKnownFileType = sourcecode.swift; path = RecordingController.swift; sourceTree = "<group>"; };
		8316F9DB451EB6D3ED7AD376 /* Info.plist */ = {isa = PBXFileReference; lastKnownFileType = text.plist; path = Info.plist; sourceTree = "<group>"; };
		8790E4551080A738D9B2F64A /* MovieWriterTests.swift */ = {isa = PBXFileReference; lastKnownFileType = sourcecode.swift; path = MovieWriterTests.swift; sourceTree = "<group>"; };
		88E1D034D82E7A434B1DEDCB /* LumiaTests.swift */ = {isa = PBXFileReference; lastKnownFileType = sourcecode.swift; path = LumiaTests.swift; sourceTree = "<group>"; };
		AB59C3B514D8BD76BDB1886E /* PermissionsChecker.swift */ = {isa = PBXFileReference; lastKnownFileType = sourcecode.swift; path = PermissionsChecker.swift; sourceTree = "<group>"; };
		BA9BEC49145FB2E2D9765C9B /* FrameCompositorTests.swift */ = {isa = PBXFileReference; lastKnownFileType = sourcecode.swift; path = FrameCompositorTests.swift; sourceTree = "<group>"; };
		E54066EB7CF4D2D37A77B667 /* LumiaTests.xctest */ = {isa = PBXFileReference; explicitFileType = wrapper.cfbundle; includeInIndex = 0; path = LumiaTests.xctest; sourceTree = BUILT_PRODUCTS_DIR; };
/* End PBXFileReference section */

/* Begin PBXGroup section */
		03FE374FC3EE682CC57952AA /* Models */ = {
			isa = PBXGroup;
			children = (
				3D2BFDF1008EFEDC8DD70779 /* RecordingState.swift */,
			);
			path = Models;
			sourceTree = "<group>";
		};
		45DDD38A9E144AB4D850AEA3 /* App */ = {
			isa = PBXGroup;
			children = (
				44F403ACF49EB4B24D275634 /* AppDelegate.swift */,
				4739959AB9A77E1AC538CBF8 /* LumiaApp.swift */,
				AB59C3B514D8BD76BDB1886E /* PermissionsChecker.swift */,
			);
			path = App;
			sourceTree = "<group>";
		};
		48F51FA24F0F2FF8E4151C96 /* Views */ = {
			isa = PBXGroup;
			children = (
				20D5D73192D085809F2EC97D /* ControlBarView.swift */,
				0C46B73173E7D5089469C380 /* ControlBarWindowController.swift */,
				54386D77455B7CEC67824107 /* WebcamPreviewWindowController.swift */,
			);
			path = Views;
			sourceTree = "<group>";
		};
		537D0250DB9869214988DCC8 /* Recording */ = {
			isa = PBXGroup;
			children = (
				52848715AFDCD313A4D0BAD8 /* CameraCapture.swift */,
				03C085E0435F350EB0C3B18C /* FrameCompositor.swift */,
				0EBD79A56ADF9811AB1E764A /* MovieWriter.swift */,
				6119FFC6C45C39ED4DB07421 /* RecordingController.swift */,
				14455FC1E15E8E690835FF9F /* ScreenCapture.swift */,
			);
			path = Recording;
			sourceTree = "<group>";
		};
		621427EA783CCDFDE55FE839 = {
			isa = PBXGroup;
			children = (
				E6DEDB2D2F45BC7EC468BA92 /* Lumia */,
				F6F7A99ECD28905F8DB313C0 /* LumiaTests */,
				F62B6EE98B7D70FB633344B3 /* Products */,
			);
			sourceTree = "<group>";
		};
		E6DEDB2D2F45BC7EC468BA92 /* Lumia */ = {
			isa = PBXGroup;
			children = (
				4629AFE01562C8ED74BC4936 /* Assets.xcassets */,
				8316F9DB451EB6D3ED7AD376 /* Info.plist */,
				45DDD38A9E144AB4D850AEA3 /* App */,
				03FE374FC3EE682CC57952AA /* Models */,
				537D0250DB9869214988DCC8 /* Recording */,
				48F51FA24F0F2FF8E4151C96 /* Views */,
			);
			path = Lumia;
			sourceTree = "<group>";
		};
		F62B6EE98B7D70FB633344B3 /* Products */ = {
			isa = PBXGroup;
			children = (
				42CD4B7697B0A3B5171DE4E7 /* Lumia.app */,
				E54066EB7CF4D2D37A77B667 /* LumiaTests.xctest */,
			);
			name = Products;
			sourceTree = "<group>";
		};
		F6F7A99ECD28905F8DB313C0 /* LumiaTests */ = {
			isa = PBXGroup;
			children = (
				5DF8127C5A9A4303C6640822 /* CameraCaptureTests.swift */,
				BA9BEC49145FB2E2D9765C9B /* FrameCompositorTests.swift */,
				88E1D034D82E7A434B1DEDCB /* LumiaTests.swift */,
				8790E4551080A738D9B2F64A /* MovieWriterTests.swift */,
				36734981EBE808709590D290 /* RecordingStateTests.swift */,
			);
			path = LumiaTests;
			sourceTree = "<group>";
		};
/* End PBXGroup section */

/* Begin PBXNativeTarget section */
		4EA0932D9BB9793B9D7E04AA /* Lumia */ = {
			isa = PBXNativeTarget;
			buildConfigurationList = CD88E63AFD83B92FC57FD41B /* Build configuration list for PBXNativeTarget "Lumia" */;
			buildPhases = (
				4B44C0EE510080FF835D0D11 /* Sources */,
				B64B12731AD179C86969F9B1 /* Resources */,
			);
			buildRules = (
			);
			dependencies = (
			);
			name = Lumia;
			packageProductDependencies = (
			);
			productName = Lumia;
			productReference = 42CD4B7697B0A3B5171DE4E7 /* Lumia.app */;
			productType = "com.apple.product-type.application";
		};
		B35E8379AFC17D61435B60DB /* LumiaTests */ = {
			isa = PBXNativeTarget;
			buildConfigurationList = 5B0987BBB68E258849B77DA0 /* Build configuration list for PBXNativeTarget "LumiaTests" */;
			buildPhases = (
				35BA14CBBF77012F573C38E3 /* Sources */,
			);
			buildRules = (
			);
			dependencies = (
				95A5F612CDC24061288B6C68 /* PBXTargetDependency */,
			);
			name = LumiaTests;
			packageProductDependencies = (
			);
			productName = LumiaTests;
			productReference = E54066EB7CF4D2D37A77B667 /* LumiaTests.xctest */;
			productType = "com.apple.product-type.bundle.unit-test";
		};
/* End PBXNativeTarget section */

/* Begin PBXProject section */
		2BCE8485E228B83EC8FF5E29 /* Project object */ = {
			isa = PBXProject;
			attributes = {
				BuildIndependentTargetsInParallel = YES;
				LastUpgradeCheck = 1500;
				TargetAttributes = {
					4EA0932D9BB9793B9D7E04AA = {
						DevelopmentTeam = "";
						ProvisioningStyle = Manual;
					};
					B35E8379AFC17D61435B60DB = {
						DevelopmentTeam = "";
						ProvisioningStyle = Manual;
					};
				};
			};
			buildConfigurationList = 01A4F03D7984F075002C7ABE /* Build configuration list for PBXProject "Lumia" */;
			developmentRegion = en;
			hasScannedForEncodings = 0;
			knownRegions = (
				Base,
				en,
			);
			mainGroup = 621427EA783CCDFDE55FE839;
			minimizedProjectReferenceProxies = 1;
			preferredProjectObjectVersion = 77;
			productRefGroup = F62B6EE98B7D70FB633344B3 /* Products */;
			projectDirPath = "";
			projectRoot = "";
			targets = (
				4EA0932D9BB9793B9D7E04AA /* Lumia */,
				B35E8379AFC17D61435B60DB /* LumiaTests */,
			);
		};
/* End PBXProject section */

/* Begin PBXResourcesBuildPhase section */
		B64B12731AD179C86969F9B1 /* Resources */ = {
			isa = PBXResourcesBuildPhase;
			buildActionMask = 2147483647;
			files = (
				B56182DE727724380820A04F /* Assets.xcassets in Resources */,
			);
			runOnlyForDeploymentPostprocessing = 0;
		};
/* End PBXResourcesBuildPhase section */

/* Begin PBXSourcesBuildPhase section */
		35BA14CBBF77012F573C38E3 /* Sources */ = {
			isa = PBXSourcesBuildPhase;
			buildActionMask = 2147483647;
			files = (
				B45BEAF777E33EFC82D5C8F5 /* CameraCaptureTests.swift in Sources */,
				94A73C17F23D3A48EA3DD5D7 /* FrameCompositorTests.swift in Sources */,
				AF23DFB9DE625555022EC5D8 /* LumiaTests.swift in Sources */,
				1C002B4707B866D62BBFF7CC /* MovieWriterTests.swift in Sources */,
				33803460D1143D1C422403AF /* RecordingStateTests.swift in Sources */,
			);
			runOnlyForDeploymentPostprocessing = 0;
		};
		4B44C0EE510080FF835D0D11 /* Sources */ = {
			isa = PBXSourcesBuildPhase;
			buildActionMask = 2147483647;
			files = (
				66EC0BDB7F971D20F94113E5 /* AppDelegate.swift in Sources */,
				10511A3B2127A1939FE21350 /* CameraCapture.swift in Sources */,
				C61A9D211C7B4AC73EECB6C3 /* ControlBarView.swift in Sources */,
				8B829F2634BB05F6D8654E09 /* ControlBarWindowController.swift in Sources */,
				719A180798B97E187A2E137F /* FrameCompositor.swift in Sources */,
				6B5423AE41EB60181207921E /* LumiaApp.swift in Sources */,
				1114626F02E975BC8D0D0303 /* MovieWriter.swift in Sources */,
				8FD1A36A5D20E43B995EC978 /* PermissionsChecker.swift in Sources */,
				F1BBAD5F6F8C884E35FF7DC8 /* RecordingController.swift in Sources */,
				D27E07D9FB0EB6E0DD318562 /* RecordingState.swift in Sources */,
				50BF97F80A4E4CB372415F26 /* ScreenCapture.swift in Sources */,
				C4B043F27C3FCB90AB198F9F /* WebcamPreviewWindowController.swift in Sources */,
			);
			runOnlyForDeploymentPostprocessing = 0;
		};
/* End PBXSourcesBuildPhase section */

/* Begin PBXTargetDependency section */
		95A5F612CDC24061288B6C68 /* PBXTargetDependency */ = {
			isa = PBXTargetDependency;
			target = 4EA0932D9BB9793B9D7E04AA /* Lumia */;
			targetProxy = 573E433AA7D3BFE0BDAA8815 /* PBXContainerItemProxy */;
		};
/* End PBXTargetDependency section */

/* Begin XCBuildConfiguration section */
		11CD670B5A419C3CA1FDF94B /* Debug */ = {
			isa = XCBuildConfiguration;
			buildSettings = {
				BUNDLE_LOADER = "$(TEST_HOST)";
				COMBINE_HIDPI_IMAGES = YES;
				GENERATE_INFOPLIST_FILE = YES;
				LD_RUNPATH_SEARCH_PATHS = (
					"$(inherited)",
					"@executable_path/../Frameworks",
					"@loader_path/../Frameworks",
				);
				PRODUCT_BUNDLE_IDENTIFIER = com.lumia.LumiaTests;
				SDKROOT = macosx;
				TEST_HOST = "$(BUILT_PRODUCTS_DIR)/Lumia.app/Contents/MacOS/Lumia";
			};
			name = Debug;
		};
		20F1BCCFDD1A20268BDAAB40 /* Debug */ = {
			isa = XCBuildConfiguration;
			buildSettings = {
				ALWAYS_SEARCH_USER_PATHS = NO;
				CLANG_ANALYZER_NONNULL = YES;
				CLANG_ANALYZER_NUMBER_OBJECT_CONVERSION = YES_AGGRESSIVE;
				CLANG_CXX_LANGUAGE_STANDARD = "gnu++14";
				CLANG_CXX_LIBRARY = "libc++";
				CLANG_ENABLE_MODULES = YES;
				CLANG_ENABLE_OBJC_ARC = YES;
				CLANG_ENABLE_OBJC_WEAK = YES;
				CLANG_WARN_BLOCK_CAPTURE_AUTORELEASING = YES;
				CLANG_WARN_BOOL_CONVERSION = YES;
				CLANG_WARN_COMMA = YES;
				CLANG_WARN_CONSTANT_CONVERSION = YES;
				CLANG_WARN_DEPRECATED_OBJC_IMPLEMENTATIONS = YES;
				CLANG_WARN_DIRECT_OBJC_ISA_USAGE = YES_ERROR;
				CLANG_WARN_DOCUMENTATION_COMMENTS = YES;
				CLANG_WARN_EMPTY_BODY = YES;
				CLANG_WARN_ENUM_CONVERSION = YES;
				CLANG_WARN_INFINITE_RECURSION = YES;
				CLANG_WARN_INT_CONVERSION = YES;
				CLANG_WARN_NON_LITERAL_NULL_CONVERSION = YES;
				CLANG_WARN_OBJC_IMPLICIT_RETAIN_SELF = YES;
				CLANG_WARN_OBJC_LITERAL_CONVERSION = YES;
				CLANG_WARN_OBJC_ROOT_CLASS = YES_ERROR;
				CLANG_WARN_QUOTED_INCLUDE_IN_FRAMEWORK_HEADER = YES;
				CLANG_WARN_RANGE_LOOP_ANALYSIS = YES;
				CLANG_WARN_STRICT_PROTOTYPES = YES;
				CLANG_WARN_SUSPICIOUS_MOVE = YES;
				CLANG_WARN_UNGUARDED_AVAILABILITY = YES_AGGRESSIVE;
				CLANG_WARN_UNREACHABLE_CODE = YES;
				CLANG_WARN__DUPLICATE_METHOD_MATCH = YES;
				CODE_SIGN_IDENTITY = "Lumia Dev";
				CODE_SIGN_STYLE = Manual;
				COPY_PHASE_STRIP = NO;
				DEBUG_INFORMATION_FORMAT = dwarf;
				DEVELOPMENT_TEAM = "";
				ENABLE_STRICT_OBJC_MSGSEND = YES;
				ENABLE_TESTABILITY = YES;
				GCC_C_LANGUAGE_STANDARD = gnu11;
				GCC_DYNAMIC_NO_PIC = NO;
				GCC_NO_COMMON_BLOCKS = YES;
				GCC_OPTIMIZATION_LEVEL = 0;
				GCC_PREPROCESSOR_DEFINITIONS = (
					"$(inherited)",
					"DEBUG=1",
				);
				GCC_WARN_64_TO_32_BIT_CONVERSION = YES;
				GCC_WARN_ABOUT_RETURN_TYPE = YES_ERROR;
				GCC_WARN_UNDECLARED_SELECTOR = YES;
				GCC_WARN_UNINITIALIZED_AUTOS = YES_AGGRESSIVE;
				GCC_WARN_UNUSED_FUNCTION = YES;
				GCC_WARN_UNUSED_VARIABLE = YES;
				MACOSX_DEPLOYMENT_TARGET = 14.0;
				MTL_ENABLE_DEBUG_INFO = INCLUDE_SOURCE;
				MTL_FAST_MATH = YES;
				ONLY_ACTIVE_ARCH = YES;
				PRODUCT_NAME = "$(TARGET_NAME)";
				SDKROOT = macosx;
				SWIFT_ACTIVE_COMPILATION_CONDITIONS = DEBUG;
				SWIFT_OPTIMIZATION_LEVEL = "-Onone";
				SWIFT_VERSION = 5.9;
			};
			name = Debug;
		};
		61EC1C92E052F2B3F46B9DDA /* Release */ = {
			isa = XCBuildConfiguration;
			buildSettings = {
				ASSETCATALOG_COMPILER_APPICON_NAME = AppIcon;
				CODE_SIGN_ENTITLEMENTS = Lumia.entitlements;
				COMBINE_HIDPI_IMAGES = YES;
				INFOPLIST_FILE = Lumia/Info.plist;
				LD_RUNPATH_SEARCH_PATHS = (
					"$(inherited)",
					"@executable_path/../Frameworks",
				);
				PRODUCT_BUNDLE_IDENTIFIER = com.lumia.app;
				SDKROOT = macosx;
			};
			name = Release;
		};
		6B80810C5E87E54C9E5EF0DF /* Release */ = {
			isa = XCBuildConfiguration;
			buildSettings = {
				ALWAYS_SEARCH_USER_PATHS = NO;
				CLANG_ANALYZER_NONNULL = YES;
				CLANG_ANALYZER_NUMBER_OBJECT_CONVERSION = YES_AGGRESSIVE;
				CLANG_CXX_LANGUAGE_STANDARD = "gnu++14";
				CLANG_CXX_LIBRARY = "libc++";
				CLANG_ENABLE_MODULES = YES;
				CLANG_ENABLE_OBJC_ARC = YES;
				CLANG_ENABLE_OBJC_WEAK = YES;
				CLANG_WARN_BLOCK_CAPTURE_AUTORELEASING = YES;
				CLANG_WARN_BOOL_CONVERSION = YES;
				CLANG_WARN_COMMA = YES;
				CLANG_WARN_CONSTANT_CONVERSION = YES;
				CLANG_WARN_DEPRECATED_OBJC_IMPLEMENTATIONS = YES;
				CLANG_WARN_DIRECT_OBJC_ISA_USAGE = YES_ERROR;
				CLANG_WARN_DOCUMENTATION_COMMENTS = YES;
				CLANG_WARN_EMPTY_BODY = YES;
				CLANG_WARN_ENUM_CONVERSION = YES;
				CLANG_WARN_INFINITE_RECURSION = YES;
				CLANG_WARN_INT_CONVERSION = YES;
				CLANG_WARN_NON_LITERAL_NULL_CONVERSION = YES;
				CLANG_WARN_OBJC_IMPLICIT_RETAIN_SELF = YES;
				CLANG_WARN_OBJC_LITERAL_CONVERSION = YES;
				CLANG_WARN_OBJC_ROOT_CLASS = YES_ERROR;
				CLANG_WARN_QUOTED_INCLUDE_IN_FRAMEWORK_HEADER = YES;
				CLANG_WARN_RANGE_LOOP_ANALYSIS = YES;
				CLANG_WARN_STRICT_PROTOTYPES = YES;
				CLANG_WARN_SUSPICIOUS_MOVE = YES;
				CLANG_WARN_UNGUARDED_AVAILABILITY = YES_AGGRESSIVE;
				CLANG_WARN_UNREACHABLE_CODE = YES;
				CLANG_WARN__DUPLICATE_METHOD_MATCH = YES;
				CODE_SIGN_IDENTITY = "Lumia Dev";
				CODE_SIGN_STYLE = Manual;
				COPY_PHASE_STRIP = NO;
				DEBUG_INFORMATION_FORMAT = "dwarf-with-dsym";
				DEVELOPMENT_TEAM = "";
				ENABLE_NS_ASSERTIONS = NO;
				ENABLE_STRICT_OBJC_MSGSEND = YES;
				GCC_C_LANGUAGE_STANDARD = gnu11;
				GCC_NO_COMMON_BLOCKS = YES;
				GCC_WARN_64_TO_32_BIT_CONVERSION = YES;
				GCC_WARN_ABOUT_RETURN_TYPE = YES_ERROR;
				GCC_WARN_UNDECLARED_SELECTOR = YES;
				GCC_WARN_UNINITIALIZED_AUTOS = YES_AGGRESSIVE;
				GCC_WARN_UNUSED_FUNCTION = YES;
				GCC_WARN_UNUSED_VARIABLE = YES;
				MACOSX_DEPLOYMENT_TARGET = 14.0;
				MTL_ENABLE_DEBUG_INFO = NO;
				MTL_FAST_MATH = YES;
				PRODUCT_NAME = "$(TARGET_NAME)";
				SDKROOT = macosx;
				SWIFT_COMPILATION_MODE = wholemodule;
				SWIFT_OPTIMIZATION_LEVEL = "-O";
				SWIFT_VERSION = 5.9;
			};
			name = Release;
		};
		BAD01A6A5434DCAEE2CF9304 /* Debug */ = {
			isa = XCBuildConfiguration;
			buildSettings = {
				ASSETCATALOG_COMPILER_APPICON_NAME = AppIcon;
				CODE_SIGN_ENTITLEMENTS = Lumia.entitlements;
				COMBINE_HIDPI_IMAGES = YES;
				INFOPLIST_FILE = Lumia/Info.plist;
				LD_RUNPATH_SEARCH_PATHS = (
					"$(inherited)",
					"@executable_path/../Frameworks",
				);
				PRODUCT_BUNDLE_IDENTIFIER = com.lumia.app;
				SDKROOT = macosx;
			};
			name = Debug;
		};
		FF0ED944A9CB38510EFB9476 /* Release */ = {
			isa = XCBuildConfiguration;
			buildSettings = {
				BUNDLE_LOADER = "$(TEST_HOST)";
				COMBINE_HIDPI_IMAGES = YES;
				GENERATE_INFOPLIST_FILE = YES;
				LD_RUNPATH_SEARCH_PATHS = (
					"$(inherited)",
					"@executable_path/../Frameworks",
					"@loader_path/../Frameworks",
				);
				PRODUCT_BUNDLE_IDENTIFIER = com.lumia.LumiaTests;
				SDKROOT = macosx;
				TEST_HOST = "$(BUILT_PRODUCTS_DIR)/Lumia.app/Contents/MacOS/Lumia";
			};
			name = Release;
		};
/* End XCBuildConfiguration section */

/* Begin XCConfigurationList section */
		01A4F03D7984F075002C7ABE /* Build configuration list for PBXProject "Lumia" */ = {
			isa = XCConfigurationList;
			buildConfigurations = (
				20F1BCCFDD1A20268BDAAB40 /* Debug */,
				6B80810C5E87E54C9E5EF0DF /* Release */,
			);
			defaultConfigurationIsVisible = 0;
			defaultConfigurationName = Debug;
		};
		5B0987BBB68E258849B77DA0 /* Build configuration list for PBXNativeTarget "LumiaTests" */ = {
			isa = XCConfigurationList;
			buildConfigurations = (
				11CD670B5A419C3CA1FDF94B /* Debug */,
				FF0ED944A9CB38510EFB9476 /* Release */,
			);
			defaultConfigurationIsVisible = 0;
			defaultConfigurationName = Debug;
		};
		CD88E63AFD83B92FC57FD41B /* Build configuration list for PBXNativeTarget "Lumia" */ = {
			isa = XCConfigurationList;
			buildConfigurations = (
				BAD01A6A5434DCAEE2CF9304 /* Debug */,
				61EC1C92E052F2B3F46B9DDA /* Release */,
			);
			defaultConfigurationIsVisible = 0;
			defaultConfigurationName = Debug;
		};
/* End XCConfigurationList section */
	};
	rootObject = 2BCE8485E228B83EC8FF5E29 /* Project object */;
}
